{
  "name": "pytexasbackend",
  "version": "1.0.0",
  "lockfileVersion": 1,
  "requires": true,
  "dependencies": {
    "pytexas2019": {
      "version": "git+https://github.com/pytexas/PyTexas2019.git#d682903b1445c21f675fb8a1470e32c4285c9c77",
      "from": "git+https://github.com/pytexas/PyTexas2019.git#d682903b1445c21f675fb8a1470e32c4285c9c77"
    }
  }
}
